Microsoft Visual Studio Solution File, Format Version 12.00
# Visual Studio Version 17
VisualStudioVersion = 17.5.2.0
MinimumVisualStudioVersion = 10.0.40219.1
Project("{2150E333-8FDC-42A3-9474-1A3956D46DE8}") = "TestAdapterProject", "TestAdapterProject", "{5DD46EFB-2935-6662-8B18-827A294920B5}"
EndProject
Project("{FAE04EC0-301F-11D3-BF4B-00C04F79EFBC}") = "TestAdapterProject", "TestAdapterProject\src\TestAdapterProject.csproj", "{C2A21561-DA9D-DFD7-16B3-70DA2AB1FE2D}"
EndProject
Global
	GlobalSection(SolutionConfigurationPlatforms) = preSolution
		Debug|Any CPU = Debug|Any CPU
		Release|Any CPU = Release|Any CPU
	EndGlobalSection
	GlobalSection(ProjectConfigurationPlatforms) = postSolution
		{C2A21561-DA9D-DFD7-16B3-70DA2AB1FE2D}.Debug|Any CPU.ActiveCfg = Debug|Any CPU
		{C2A21561-DA9D-DFD7-16B3-70DA2AB1FE2D}.Debug|Any CPU.Build.0 = Debug|Any CPU
		{C2A21561-DA9D-DFD7-16B3-70DA2AB1FE2D}.Release|Any CPU.ActiveCfg = Release|Any CPU
		{C2A21561-DA9D-DFD7-16B3-70DA2AB1FE2D}.Release|Any CPU.Build.0 = Release|Any CPU
	EndGlobalSection
	GlobalSection(SolutionProperties) = preSolution
		HideSolutionNode = FALSE
	EndGlobalSection
	GlobalSection(NestedProjects) = preSolution
		{C2A21561-DA9D-DFD7-16B3-70DA2AB1FE2D} = {5DD46EFB-2935-6662-8B18-827A294920B5}
	EndGlobalSection
	GlobalSection(ExtensibilityGlobals) = postSolution
		SolutionGuid = {F643BFE8-DAEF-4167-82DB-733C65386396}
	EndGlobalSection
EndGlobal
