Microsoft Visual Studio Solution File, Format Version 12.00
# Visual Studio Version 17
VisualStudioVersion = 17.5.2.0
MinimumVisualStudioVersion = 10.0.40219.1
Project("{FAE04EC0-301F-11D3-BF4B-00C04F79EFBC}") = "dotnet-framework-test-explorer", "dotnet-framework-test-explorer.csproj", "{8A8BCDCA-BA85-47E6-E67D-3CCF26DADEFC}"
EndProject
Global
	GlobalSection(SolutionConfigurationPlatforms) = preSolution
		Debug|Any CPU = Debug|Any CPU
		Release|Any CPU = Release|Any CPU
	EndGlobalSection
	GlobalSection(ProjectConfigurationPlatforms) = postSolution
		{8A8BCDCA-BA85-47E6-E67D-3CCF26DADEFC}.Debug|Any CPU.ActiveCfg = Debug|Any CPU
		{8A8BCDCA-BA85-47E6-E67D-3CCF26DADEFC}.Debug|Any CPU.Build.0 = Debug|Any CPU
		{8A8BCDCA-BA85-47E6-E67D-3CCF26DADEFC}.Release|Any CPU.ActiveCfg = Release|Any CPU
		{8A8BCDCA-BA85-47E6-E67D-3CCF26DADEFC}.Release|Any CPU.Build.0 = Release|Any CPU
	EndGlobalSection
	GlobalSection(SolutionProperties) = preSolution
		HideSolutionNode = FALSE
	EndGlobalSection
	GlobalSection(ExtensibilityGlobals) = postSolution
		SolutionGuid = {415A3E44-36FF-4693-A8D3-8529FFFB1064}
	EndGlobalSection
EndGlobal
